github.com/Beryesa/PaperFE v0.0.0-20250309132714-b7fa3df166b7 h1:t/MEW97kK37e8JwBcD95cjj/0AkADy3vxZjWD4Nlg7s=
github.com/Beryesa/PaperFE v0.0.0-20250309132714-b7fa3df166b7/go.mod h1:H0D+l2EpsHzm3fhYNu72eVLCg972urhaSm4S657jZzI=
github.com/adityatelange/hugo-PaperMod v0.0.0-20250308180000-72615b6d49ab h1:l4GdIkA0HHaZcfvdrAIJ3AcCMnkUW/Ix4ooDocqmZts=
github.com/adityatelange/hugo-PaperMod v0.0.0-20250308180000-72615b6d49ab/go.mod h1:HCHxNMKYdGafUYjVV3ICiAqznZK2yH0iI53jqcDFDdQ=
